
Microsoft Visual Studio Solution File, Format Version 12.00
# Visual Studio 15
VisualStudioVersion = 15.0.27428.2027
MinimumVisualStudioVersion = 10.0.40219.1
Project("{888888A0-9F3D-457C-B088-3A5042F75D52}") = "SensorApp", "SensorApp\SensorApp.pyproj", "{CBA1C38A-B0B7-411C-A271-8168FB74B08A}"
EndProject
Global
	GlobalSection(SolutionConfigurationPlatforms) = preSolution
		Debug|Any CPU = Debug|Any CPU
		Release|Any CPU = Release|Any CPU
	EndGlobalSection
	GlobalSection(ProjectConfigurationPlatforms) = postSolution
		{CBA1C38A-B0B7-411C-A271-8168FB74B08A}.Debug|Any CPU.ActiveCfg = Debug|Any CPU
		{CBA1C38A-B0B7-411C-A271-8168FB74B08A}.Release|Any CPU.ActiveCfg = Release|Any CPU
	EndGlobalSection
	GlobalSection(SolutionProperties) = preSolution
		HideSolutionNode = FALSE
	EndGlobalSection
	GlobalSection(ExtensibilityGlobals) = postSolution
		SolutionGuid = {38538DD7-003B-46C7-9C55-754F10FEB852}
	EndGlobalSection
EndGlobal
